
Microsoft Visual Studio Solution File, Format Version 12.00
# Visual Studio Version 17
VisualStudioVersion = 17.5.33424.131
MinimumVisualStudioVersion = 10.0.40219.1
Project("{FAE04EC0-301F-11D3-BF4B-00C04F79EFBC}") = "ClassAdv31", "ClassAdv31\ClassAdv31.csproj", "{D426B719-75EC-495D-AFA4-3DD34F4317DB}"
EndProject
Global
	GlobalSection(SolutionConfigurationPlatforms) = preSolution
		Debug|Any CPU = Debug|Any CPU
		Release|Any CPU = Release|Any CPU
	EndGlobalSection
	GlobalSection(ProjectConfigurationPlatforms) = postSolution
		{D426B719-75EC-495D-AFA4-3DD34F4317DB}.Debug|Any CPU.ActiveCfg = Debug|Any CPU
		{D426B719-75EC-495D-AFA4-3DD34F4317DB}.Debug|Any CPU.Build.0 = Debug|Any CPU
		{D426B719-75EC-495D-AFA4-3DD34F4317DB}.Release|Any CPU.ActiveCfg = Release|Any CPU
		{D426B719-75EC-495D-AFA4-3DD34F4317DB}.Release|Any CPU.Build.0 = Release|Any CPU
	EndGlobalSection
	GlobalSection(SolutionProperties) = preSolution
		HideSolutionNode = FALSE
	EndGlobalSection
	GlobalSection(ExtensibilityGlobals) = postSolution
		SolutionGuid = {F3CA9A45-87D2-4AE4-B2AD-AA2F8B2C577D}
	EndGlobalSection
EndGlobal
